
Microsoft Visual Studio Solution File, Format Version 12.00
# Visual Studio Version 17
VisualStudioVersion = 17.0.31903.59
MinimumVisualStudioVersion = 10.0.40219.1
Project("{2150E333-8FDC-42A3-9474-1A3956D46DE8}") = "src", "src", "{827E0CD3-B72D-47B6-A68D-7590B98EB39B}"
EndProject
Project("{2150E333-8FDC-42A3-9474-1A3956D46DE8}") = "Domain", "Domain", "{8B290487-4C16-E85E-E807-F579CBE9FC4D}"
EndProject
Project("{FAE04EC0-301F-11D3-BF4B-00C04F79EFBC}") = "AutoRag.Domain", "src\Domain\AutoRag.Domain.csproj", "{B9B3053D-FCCA-42C2-8479-A4A612CC978B}"
EndProject
Project("{2150E333-8FDC-42A3-9474-1A3956D46DE8}") = "Application", "Application", "{22BAF98C-8415-17C4-B26A-D537657BC863}"
EndProject
Project("{FAE04EC0-301F-11D3-BF4B-00C04F79EFBC}") = "AutoRag.Application", "src\Application\AutoRag.Application.csproj", "{D8832CF0-C7A4-439B-B934-E66E6DB63588}"
EndProject
Project("{2150E333-8FDC-42A3-9474-1A3956D46DE8}") = "Infrastructure", "Infrastructure", "{9048EB7F-3875-A59E-E36B-5BD4C6F2A282}"
EndProject
Project("{FAE04EC0-301F-11D3-BF4B-00C04F79EFBC}") = "AutoRag.Infrastructure", "src\Infrastructure\AutoRag.Infrastructure.csproj", "{E4526FB9-BA72-43B1-B7D3-B3397C8020F3}"
EndProject
Project("{2150E333-8FDC-42A3-9474-1A3956D46DE8}") = "Presentation.Web", "Presentation.Web", "{F986976F-0CDD-1127-8C30-5AD16A68C100}"
EndProject
Project("{FAE04EC0-301F-11D3-BF4B-00C04F79EFBC}") = "AutoRag.Presentation.Web", "src\Presentation.Web\AutoRag.Presentation.Web.csproj", "{3260903A-34B3-4E7C-ADAC-47F219BDF826}"
EndProject
Global
	GlobalSection(SolutionConfigurationPlatforms) = preSolution
		Debug|Any CPU = Debug|Any CPU
		Debug|x64 = Debug|x64
		Debug|x86 = Debug|x86
		Release|Any CPU = Release|Any CPU
		Release|x64 = Release|x64
		Release|x86 = Release|x86
	EndGlobalSection
	GlobalSection(ProjectConfigurationPlatforms) = postSolution
		{B9B3053D-FCCA-42C2-8479-A4A612CC978B}.Debug|Any CPU.ActiveCfg = Debug|Any CPU
		{B9B3053D-FCCA-42C2-8479-A4A612CC978B}.Debug|Any CPU.Build.0 = Debug|Any CPU
		{B9B3053D-FCCA-42C2-8479-A4A612CC978B}.Debug|x64.ActiveCfg = Debug|Any CPU
		{B9B3053D-FCCA-42C2-8479-A4A612CC978B}.Debug|x64.Build.0 = Debug|Any CPU
		{B9B3053D-FCCA-42C2-8479-A4A612CC978B}.Debug|x86.ActiveCfg = Debug|Any CPU
		{B9B3053D-FCCA-42C2-8479-A4A612CC978B}.Debug|x86.Build.0 = Debug|Any CPU
		{B9B3053D-FCCA-42C2-8479-A4A612CC978B}.Release|Any CPU.ActiveCfg = Release|Any CPU
		{B9B3053D-FCCA-42C2-8479-A4A612CC978B}.Release|Any CPU.Build.0 = Release|Any CPU
		{B9B3053D-FCCA-42C2-8479-A4A612CC978B}.Release|x64.ActiveCfg = Release|Any CPU
		{B9B3053D-FCCA-42C2-8479-A4A612CC978B}.Release|x64.Build.0 = Release|Any CPU
		{B9B3053D-FCCA-42C2-8479-A4A612CC978B}.Release|x86.ActiveCfg = Release|Any CPU
		{B9B3053D-FCCA-42C2-8479-A4A612CC978B}.Release|x86.Build.0 = Release|Any CPU
		{D8832CF0-C7A4-439B-B934-E66E6DB63588}.Debug|Any CPU.ActiveCfg = Debug|Any CPU
		{D8832CF0-C7A4-439B-B934-E66E6DB63588}.Debug|Any CPU.Build.0 = Debug|Any CPU
		{D8832CF0-C7A4-439B-B934-E66E6DB63588}.Debug|x64.ActiveCfg = Debug|Any CPU
		{D8832CF0-C7A4-439B-B934-E66E6DB63588}.Debug|x64.Build.0 = Debug|Any CPU
		{D8832CF0-C7A4-439B-B934-E66E6DB63588}.Debug|x86.ActiveCfg = Debug|Any CPU
		{D8832CF0-C7A4-439B-B934-E66E6DB63588}.Debug|x86.Build.0 = Debug|Any CPU
		{D8832CF0-C7A4-439B-B934-E66E6DB63588}.Release|Any CPU.ActiveCfg = Release|Any CPU
		{D8832CF0-C7A4-439B-B934-E66E6DB63588}.Release|Any CPU.Build.0 = Release|Any CPU
		{D8832CF0-C7A4-439B-B934-E66E6DB63588}.Release|x64.ActiveCfg = Release|Any CPU
		{D8832CF0-C7A4-439B-B934-E66E6DB63588}.Release|x64.Build.0 = Release|Any CPU
		{D8832CF0-C7A4-439B-B934-E66E6DB63588}.Release|x86.ActiveCfg = Release|Any CPU
		{D8832CF0-C7A4-439B-B934-E66E6DB63588}.Release|x86.Build.0 = Release|Any CPU
		{E4526FB9-BA72-43B1-B7D3-B3397C8020F3}.Debug|Any CPU.ActiveCfg = Debug|Any CPU
		{E4526FB9-BA72-43B1-B7D3-B3397C8020F3}.Debug|Any CPU.Build.0 = Debug|Any CPU
		{E4526FB9-BA72-43B1-B7D3-B3397C8020F3}.Debug|x64.ActiveCfg = Debug|Any CPU
		{E4526FB9-BA72-43B1-B7D3-B3397C8020F3}.Debug|x64.Build.0 = Debug|Any CPU
		{E4526FB9-BA72-43B1-B7D3-B3397C8020F3}.Debug|x86.ActiveCfg = Debug|Any CPU
		{E4526FB9-BA72-43B1-B7D3-B3397C8020F3}.Debug|x86.Build.0 = Debug|Any CPU
		{E4526FB9-BA72-43B1-B7D3-B3397C8020F3}.Release|Any CPU.ActiveCfg = Release|Any CPU
		{E4526FB9-BA72-43B1-B7D3-B3397C8020F3}.Release|Any CPU.Build.0 = Release|Any CPU
		{E4526FB9-BA72-43B1-B7D3-B3397C8020F3}.Release|x64.ActiveCfg = Release|Any CPU
		{E4526FB9-BA72-43B1-B7D3-B3397C8020F3}.Release|x64.Build.0 = Release|Any CPU
		{E4526FB9-BA72-43B1-B7D3-B3397C8020F3}.Release|x86.ActiveCfg = Release|Any CPU
		{E4526FB9-BA72-43B1-B7D3-B3397C8020F3}.Release|x86.Build.0 = Release|Any CPU
		{3260903A-34B3-4E7C-ADAC-47F219BDF826}.Debug|Any CPU.ActiveCfg = Debug|Any CPU
		{3260903A-34B3-4E7C-ADAC-47F219BDF826}.Debug|Any CPU.Build.0 = Debug|Any CPU
		{3260903A-34B3-4E7C-ADAC-47F219BDF826}.Debug|x64.ActiveCfg = Debug|Any CPU
		{3260903A-34B3-4E7C-ADAC-47F219BDF826}.Debug|x64.Build.0 = Debug|Any CPU
		{3260903A-34B3-4E7C-ADAC-47F219BDF826}.Debug|x86.ActiveCfg = Debug|Any CPU
		{3260903A-34B3-4E7C-ADAC-47F219BDF826}.Debug|x86.Build.0 = Debug|Any CPU
		{3260903A-34B3-4E7C-ADAC-47F219BDF826}.Release|Any CPU.ActiveCfg = Release|Any CPU
		{3260903A-34B3-4E7C-ADAC-47F219BDF826}.Release|Any CPU.Build.0 = Release|Any CPU
		{3260903A-34B3-4E7C-ADAC-47F219BDF826}.Release|x64.ActiveCfg = Release|Any CPU
		{3260903A-34B3-4E7C-ADAC-47F219BDF826}.Release|x64.Build.0 = Release|Any CPU
		{3260903A-34B3-4E7C-ADAC-47F219BDF826}.Release|x86.ActiveCfg = Release|Any CPU
		{3260903A-34B3-4E7C-ADAC-47F219BDF826}.Release|x86.Build.0 = Release|Any CPU
	EndGlobalSection
	GlobalSection(SolutionProperties) = preSolution
		HideSolutionNode = FALSE
	EndGlobalSection
	GlobalSection(NestedProjects) = preSolution
		{8B290487-4C16-E85E-E807-F579CBE9FC4D} = {827E0CD3-B72D-47B6-A68D-7590B98EB39B}
		{B9B3053D-FCCA-42C2-8479-A4A612CC978B} = {8B290487-4C16-E85E-E807-F579CBE9FC4D}
		{22BAF98C-8415-17C4-B26A-D537657BC863} = {827E0CD3-B72D-47B6-A68D-7590B98EB39B}
		{D8832CF0-C7A4-439B-B934-E66E6DB63588} = {22BAF98C-8415-17C4-B26A-D537657BC863}
		{9048EB7F-3875-A59E-E36B-5BD4C6F2A282} = {827E0CD3-B72D-47B6-A68D-7590B98EB39B}
		{E4526FB9-BA72-43B1-B7D3-B3397C8020F3} = {9048EB7F-3875-A59E-E36B-5BD4C6F2A282}
		{F986976F-0CDD-1127-8C30-5AD16A68C100} = {827E0CD3-B72D-47B6-A68D-7590B98EB39B}
		{3260903A-34B3-4E7C-ADAC-47F219BDF826} = {F986976F-0CDD-1127-8C30-5AD16A68C100}
	EndGlobalSection
	GlobalSection(ExtensibilityGlobals) = postSolution
		SolutionGuid = {3AE251AE-6255-4952-8879-9A7A0214D34B}
	EndGlobalSection
EndGlobal
